// !$*UTF8*$!
{
	archiveVersion = 1;
	classes = {
	};
	objectVersion = 50;
	objects = {

/* Begin PBXBuildFile section */
		846FA31E213FBA65001B2654 /* AppDelegate.m in Sources */ = {isa = PBXBuildFile; fileRef = 846FA31D213FBA65001B2654 /* AppDelegate.m */; };
		846FA321213FBA65001B2654 /* ViewController.m in Sources */ = {isa = PBXBuildFile; fileRef = 846FA320213FBA65001B2654 /* ViewController.m */; };
		846FA324213FBA65001B2654 /* Main.storyboard in Resources */ = {isa = PBXBuildFile; fileRef = 846FA322213FBA65001B2654 /* Main.storyboard */; };
		846FA326213FBA68001B2654 /* Assets.xcassets in Resources */ = {isa = PBXBuildFile; fileRef = 846FA325213FBA68001B2654 /* Assets.xcassets */; };
		846FA329213FBA68001B2654 /* LaunchScreen.storyboard in Resources */ = {isa = PBXBuildFile; fileRef = 846FA327213FBA68001B2654 /* LaunchScreen.storyboard */; };
		846FA32C213FBA68001B2654 /* main.m in Sources */ = {isa = PBXBuildFile; fileRef = 846FA32B213FBA68001B2654 /* main.m */; };
		846FA336213FBA68001B2654 /* WXWTabBarControllerTests.m in Sources */ = {isa = PBXBuildFile; fileRef = 846FA335213FBA68001B2654 /* WXWTabBarControllerTests.m */; };
		846FA341213FBA68001B2654 /* WXWTabBarControllerUITests.m in Sources */ = {isa = PBXBuildFile; fileRef = 846FA340213FBA68001B2654 /* WXWTabBarControllerUITests.m */; };
		846FA35F213FBB0A001B2654 /* WXWFourthViewController.m in Sources */ = {isa = PBXBuildFile; fileRef = 846FA352213FBB0A001B2654 /* WXWFourthViewController.m */; };
		846FA360213FBB0A001B2654 /* WXWThirdViewController.m in Sources */ = {isa = PBXBuildFile; fileRef = 846FA355213FBB0A001B2654 /* WXWThirdViewController.m */; };
		846FA361213FBB0A001B2654 /* WXWFirstViewController.m in Sources */ = {isa = PBXBuildFile; fileRef = 846FA358213FBB0A001B2654 /* WXWFirstViewController.m */; };
		846FA362213FBB0A001B2654 /* WXWSecondViewController.m in Sources */ = {isa = PBXBuildFile; fileRef = 846FA35B213FBB0A001B2654 /* WXWSecondViewController.m */; };
		846FA363213FBB0A001B2654 /* WXWMidddleSubClass.m in Sources */ = {isa = PBXBuildFile; fileRef = 846FA35D213FBB0A001B2654 /* WXWMidddleSubClass.m */; };
		846FA374213FBB16001B2654 /* UIView+WXWTabBarControllerExtention.m in Sources */ = {isa = PBXBuildFile; fileRef = 846FA368213FBB16001B2654 /* UIView+WXWTabBarControllerExtention.m */; };
		846FA375213FBB16001B2654 /* UITabBarItem+WXWTabBarControllerExtention.m in Sources */ = {isa = PBXBuildFile; fileRef = 846FA369213FBB16001B2654 /* UITabBarItem+WXWTabBarControllerExtention.m */; };
		846FA376213FBB16001B2654 /* WXWTabBar.m in Sources */ = {isa = PBXBuildFile; fileRef = 846FA36B213FBB16001B2654 /* WXWTabBar.m */; };
		846FA377213FBB16001B2654 /* WXWTabBarController.m in Sources */ = {isa = PBXBuildFile; fileRef = 846FA36D213FBB16001B2654 /* WXWTabBarController.m */; };
		846FA378213FBB16001B2654 /* UIViewController+WXWTabBarControllerExtention.m in Sources */ = {isa = PBXBuildFile; fileRef = 846FA36E213FBB16001B2654 /* UIViewController+WXWTabBarControllerExtention.m */; };
		846FA37A213FBB16001B2654 /* UIControl+WXWTabBarControllerExtention.m in Sources */ = {isa = PBXBuildFile; fileRef = 846FA373213FBB16001B2654 /* UIControl+WXWTabBarControllerExtention.m */; };
		846FA37D213FBB23001B2654 /* WXWTabBarControllerConfig.m in Sources */ = {isa = PBXBuildFile; fileRef = 846FA37C213FBB23001B2654 /* WXWTabBarControllerConfig.m */; };
		846FA380213FC8FA001B2654 /* WXWPlusButton.m in Sources */ = {isa = PBXBuildFile; fileRef = 846FA37F213FC8FA001B2654 /* WXWPlusButton.m */; };
		84BED0562150CDCF0091C673 /* WXWTabBar.gif in Resources */ = {isa = PBXBuildFile; fileRef = 84BED0552150CDCF0091C673 /* WXWTabBar.gif */; };
/* End PBXBuildFile section */

/* Begin PBXContainerItemProxy section */
		846FA332213FBA68001B2654 /* PBXContainerItemProxy */ = {
			isa = PBXContainerItemProxy;
			containerPortal = 846FA311213FBA65001B2654 /* Project object */;
			proxyType = 1;
			remoteGlobalIDString = 846FA318213FBA65001B2654;
			remoteInfo = WXWTabBarController;
		};
		846FA33D213FBA68001B2654 /* PBXContainerItemProxy */ = {
			isa = PBXContainerItemProxy;
			containerPortal = 846FA311213FBA65001B2654 /* Project object */;
			proxyType = 1;
			remoteGlobalIDString = 846FA318213FBA65001B2654;
			remoteInfo = WXWTabBarController;
		};
/* End PBXContainerItemProxy section */

/* Begin PBXFileReference section */
		846FA319213FBA65001B2654 /* WXWTabBarController.app */ = {isa = PBXFileReference; explicitFileType = wrapper.application; includeInIndex = 0; path = WXWTabBarController.app; sourceTree = BUILT_PRODUCTS_DIR; };
		846FA31C213FBA65001B2654 /* AppDelegate.h */ = {isa = PBXFileReference; lastKnownFileType = sourcecode.c.h; path = AppDelegate.h; sourceTree = "<group>"; };
		846FA31D213FBA65001B2654 /* AppDelegate.m */ = {isa = PBXFileReference; lastKnownFileType = sourcecode.c.objc; path = AppDelegate.m; sourceTree = "<group>"; };
		846FA31F213FBA65001B2654 /* ViewController.h */ = {isa = PBXFileReference; lastKnownFileType = sourcecode.c.h; path = ViewController.h; sourceTree = "<group>"; };
		846FA320213FBA65001B2654 /* ViewController.m */ = {isa = PBXFileReference; lastKnownFileType = sourcecode.c.objc; path = ViewController.m; sourceTree = "<group>"; };
		846FA323213FBA65001B2654 /* Base */ = {isa = PBXFileReference; lastKnownFileType = file.storyboard; name = Base; path = Base.lproj/Main.storyboard; sourceTree = "<group>"; };
		846FA325213FBA68001B2654 /* Assets.xcassets */ = {isa = PBXFileReference; lastKnownFileType = folder.assetcatalog; path = Assets.xcassets; sourceTree = "<group>"; };
		846FA328213FBA68001B2654 /* Base */ = {isa = PBXFileReference; lastKnownFileType = file.storyboard; name = Base; path = Base.lproj/LaunchScreen.storyboard; sourceTree = "<group>"; };
		846FA32A213FBA68001B2654 /* Info.plist */ = {isa = PBXFileReference; lastKnownFileType = text.plist.xml; path = Info.plist; sourceTree = "<group>"; };
		846FA32B213FBA68001B2654 /* main.m */ = {isa = PBXFileReference; lastKnownFileType = sourcecode.c.objc; path = main.m; sourceTree = "<group>"; };
		846FA331213FBA68001B2654 /* WXWTabBarControllerTests.xctest */ = {isa = PBXFileReference; explicitFileType = wrapper.cfbundle; includeInIndex = 0; path = WXWTabBarControllerTests.xctest; sourceTree = BUILT_PRODUCTS_DIR; };
		846FA335213FBA68001B2654 /* WXWTabBarControllerTests.m */ = {isa = PBXFileReference; lastKnownFileType = sourcecode.c.objc; path = WXWTabBarControllerTests.m; sourceTree = "<group>"; };
		846FA337213FBA68001B2654 /* Info.plist */ = {isa = PBXFileReference; lastKnownFileType = text.plist.xml; path = Info.plist; sourceTree = "<group>"; };
		846FA33C213FBA68001B2654 /* WXWTabBarControllerUITests.xctest */ = {isa = PBXFileReference; explicitFileType = wrapper.cfbundle; includeInIndex = 0; path = WXWTabBarControllerUITests.xctest; sourceTree = BUILT_PRODUCTS_DIR; };
		846FA340213FBA68001B2654 /* WXWTabBarControllerUITests.m */ = {isa = PBXFileReference; lastKnownFileType = sourcecode.c.objc; path = WXWTabBarControllerUITests.m; sourceTree = "<group>"; };
		846FA342213FBA68001B2654 /* Info.plist */ = {isa = PBXFileReference; lastKnownFileType = text.plist.xml; path = Info.plist; sourceTree = "<group>"; };
		846FA351213FBB0A001B2654 /* WXWFourthViewController.h */ = {isa = PBXFileReference; fileEncoding = 4; lastKnownFileType = sourcecode.c.h; path = WXWFourthViewController.h; sourceTree = "<group>"; };
		846FA352213FBB0A001B2654 /* WXWFourthViewController.m */ = {isa = PBXFileReference; fileEncoding = 4; lastKnownFileType = sourcecode.c.objc; path = WXWFourthViewController.m; sourceTree = "<group>"; };
		846FA354213FBB0A001B2654 /* WXWThirdViewController.h */ = {isa = PBXFileReference; fileEncoding = 4; lastKnownFileType = sourcecode.c.h; path = WXWThirdViewController.h; sourceTree = "<group>"; };
		846FA355213FBB0A001B2654 /* WXWThirdViewController.m */ = {isa = PBXFileReference; fileEncoding = 4; lastKnownFileType = sourcecode.c.objc; path = WXWThirdViewController.m; sourceTree = "<group>"; };
		846FA357213FBB0A001B2654 /* WXWFirstViewController.h */ = {isa = PBXFileReference; fileEncoding = 4; lastKnownFileType = sourcecode.c.h; path = WXWFirstViewController.h; sourceTree = "<group>"; };
		846FA358213FBB0A001B2654 /* WXWFirstViewController.m */ = {isa = PBXFileReference; fileEncoding = 4; lastKnownFileType = sourcecode.c.objc; path = WXWFirstViewController.m; sourceTree = "<group>"; };
		846FA35A213FBB0A001B2654 /* WXWSecondViewController.h */ = {isa = PBXFileReference; fileEncoding = 4; lastKnownFileType = sourcecode.c.h; path = WXWSecondViewController.h; sourceTree = "<group>"; };
		846FA35B213FBB0A001B2654 /* WXWSecondViewController.m */ = {isa = PBXFileReference; fileEncoding = 4; lastKnownFileType = sourcecode.c.objc; path = WXWSecondViewController.m; sourceTree = "<group>"; };
		846FA35D213FBB0A001B2654 /* WXWMidddleSubClass.m */ = {isa = PBXFileReference; fileEncoding = 4; lastKnownFileType = sourcecode.c.objc; path = WXWMidddleSubClass.m; sourceTree = "<group>"; };
		846FA35E213FBB0A001B2654 /* WXWMidddleSubClass.h */ = {isa = PBXFileReference; fileEncoding = 4; lastKnownFileType = sourcecode.c.h; path = WXWMidddleSubClass.h; sourceTree = "<group>"; };
		846FA365213FBB16001B2654 /* WXWTabBarController.h */ = {isa = PBXFileReference; fileEncoding = 4; lastKnownFileType = sourcecode.c.h; path = WXWTabBarController.h; sourceTree = "<group>"; };
		846FA366213FBB16001B2654 /* UIViewController+WXWTabBarControllerExtention.h */ = {isa = PBXFileReference; fileEncoding = 4; lastKnownFileType = sourcecode.c.h; path = "UIViewController+WXWTabBarControllerExtention.h"; sourceTree = "<group>"; };
		846FA367213FBB16001B2654 /* UIControl+WXWTabBarControllerExtention.h */ = {isa = PBXFileReference; fileEncoding = 4; lastKnownFileType = sourcecode.c.h; path = "UIControl+WXWTabBarControllerExtention.h"; sourceTree = "<group>"; };
		846FA368213FBB16001B2654 /* UIView+WXWTabBarControllerExtention.m */ = {isa = PBXFileReference; fileEncoding = 4; lastKnownFileType = sourcecode.c.objc; path = "UIView+WXWTabBarControllerExtention.m"; sourceTree = "<group>"; };
		846FA369213FBB16001B2654 /* UITabBarItem+WXWTabBarControllerExtention.m */ = {isa = PBXFileReference; fileEncoding = 4; lastKnownFileType = sourcecode.c.objc; path = "UITabBarItem+WXWTabBarControllerExtention.m"; sourceTree = "<group>"; };
		846FA36B213FBB16001B2654 /* WXWTabBar.m */ = {isa = PBXFileReference; fileEncoding = 4; lastKnownFileType = sourcecode.c.objc; path = WXWTabBar.m; sourceTree = "<group>"; };
		846FA36C213FBB16001B2654 /* WXWConstants.h */ = {isa = PBXFileReference; fileEncoding = 4; lastKnownFileType = sourcecode.c.h; path = WXWConstants.h; sourceTree = "<group>"; };
		846FA36D213FBB16001B2654 /* WXWTabBarController.m */ = {isa = PBXFileReference; fileEncoding = 4; lastKnownFileType = sourcecode.c.objc; path = WXWTabBarController.m; sourceTree = "<group>"; };
		846FA36E213FBB16001B2654 /* UIViewController+WXWTabBarControllerExtention.m */ = {isa = PBXFileReference; fileEncoding = 4; lastKnownFileType = sourcecode.c.objc; path = "UIViewController+WXWTabBarControllerExtention.m"; sourceTree = "<group>"; };
		846FA36F213FBB16001B2654 /* WXWTabBar.h */ = {isa = PBXFileReference; fileEncoding = 4; lastKnownFileType = sourcecode.c.h; path = WXWTabBar.h; sourceTree = "<group>"; };
		846FA371213FBB16001B2654 /* UITabBarItem+WXWTabBarControllerExtention.h */ = {isa = PBXFileReference; fileEncoding = 4; lastKnownFileType = sourcecode.c.h; path = "UITabBarItem+WXWTabBarControllerExtention.h"; sourceTree = "<group>"; };
		846FA372213FBB16001B2654 /* UIView+WXWTabBarControllerExtention.h */ = {isa = PBXFileReference; fileEncoding = 4; lastKnownFileType = sourcecode.c.h; path = "UIView+WXWTabBarControllerExtention.h"; sourceTree = "<group>"; };
		846FA373213FBB16001B2654 /* UIControl+WXWTabBarControllerExtention.m */ = {isa = PBXFileReference; fileEncoding = 4; lastKnownFileType = sourcecode.c.objc; path = "UIControl+WXWTabBarControllerExtention.m"; sourceTree = "<group>"; };
		846FA37B213FBB23001B2654 /* WXWTabBarControllerConfig.h */ = {isa = PBXFileReference; fileEncoding = 4; lastKnownFileType = sourcecode.c.h; path = WXWTabBarControllerConfig.h; sourceTree = "<group>"; };
		846FA37C213FBB23001B2654 /* WXWTabBarControllerConfig.m */ = {isa = PBXFileReference; fileEncoding = 4; lastKnownFileType = sourcecode.c.objc; path = WXWTabBarControllerConfig.m; sourceTree = "<group>"; };
		846FA37E213FC8FA001B2654 /* WXWPlusButton.h */ = {isa = PBXFileReference; lastKnownFileType = sourcecode.c.h; path = WXWPlusButton.h; sourceTree = "<group>"; };
		846FA37F213FC8FA001B2654 /* WXWPlusButton.m */ = {isa = PBXFileReference; lastKnownFileType = sourcecode.c.objc; path = WXWPlusButton.m; sourceTree = "<group>"; };
		84BED0552150CDCF0091C673 /* WXWTabBar.gif */ = {isa = PBXFileReference; lastKnownFileType = image.gif; path = WXWTabBar.gif; sourceTree = "<group>"; };
/* End PBXFileReference section */

/* Begin PBXFrameworksBuildPhase section */
		846FA316213FBA65001B2654 /* Frameworks */ = {
			isa = PBXFrameworksBuildPhase;
			buildActionMask = 2147483647;
			files = (
			);
			runOnlyForDeploymentPostprocessing = 0;
		};
		846FA32E213FBA68001B2654 /* Frameworks */ = {
			isa = PBXFrameworksBuildPhase;
			buildActionMask = 2147483647;
			files = (
			);
			runOnlyForDeploymentPostprocessing = 0;
		};
		846FA339213FBA68001B2654 /* Frameworks */ = {
			isa = PBXFrameworksBuildPhase;
			buildActionMask = 2147483647;
			files = (
			);
			runOnlyForDeploymentPostprocessing = 0;
		};
/* End PBXFrameworksBuildPhase section */

/* Begin PBXGroup section */
		846FA310213FBA65001B2654 = {
			isa = PBXGroup;
			children = (
				846FA31B213FBA65001B2654 /* WXWTabBarController */,
				846FA334213FBA68001B2654 /* WXWTabBarControllerTests */,
				846FA33F213FBA68001B2654 /* WXWTabBarControllerUITests */,
				846FA31A213FBA65001B2654 /* Products */,
			);
			sourceTree = "<group>";
		};
		846FA31A213FBA65001B2654 /* Products */ = {
			isa = PBXGroup;
			children = (
				846FA319213FBA65001B2654 /* WXWTabBarController.app */,
				846FA331213FBA68001B2654 /* WXWTabBarControllerTests.xctest */,
				846FA33C213FBA68001B2654 /* WXWTabBarControllerUITests.xctest */,
			);
			name = Products;
			sourceTree = "<group>";
		};
		846FA31B213FBA65001B2654 /* WXWTabBarController */ = {
			isa = PBXGroup;
			children = (
				846FA364213FBB16001B2654 /* WXWTabBarController */,
				846FA34E213FBB0A001B2654 /* Classes */,
				846FA31C213FBA65001B2654 /* AppDelegate.h */,
				846FA31D213FBA65001B2654 /* AppDelegate.m */,
				846FA31F213FBA65001B2654 /* ViewController.h */,
				846FA320213FBA65001B2654 /* ViewController.m */,
				846FA37B213FBB23001B2654 /* WXWTabBarControllerConfig.h */,
				846FA37C213FBB23001B2654 /* WXWTabBarControllerConfig.m */,
				846FA322213FBA65001B2654 /* Main.storyboard */,
				846FA325213FBA68001B2654 /* Assets.xcassets */,
				846FA327213FBA68001B2654 /* LaunchScreen.storyboard */,
				846FA32A213FBA68001B2654 /* Info.plist */,
				846FA32B213FBA68001B2654 /* main.m */,
			);
			path = WXWTabBarController;
			sourceTree = "<group>";
		};
		846FA334213FBA68001B2654 /* WXWTabBarControllerTests */ = {
			isa = PBXGroup;
			children = (
				846FA335213FBA68001B2654 /* WXWTabBarControllerTests.m */,
				846FA337213FBA68001B2654 /* Info.plist */,
			);
			path = WXWTabBarControllerTests;
			sourceTree = "<group>";
		};
		846FA33F213FBA68001B2654 /* WXWTabBarControllerUITests */ = {
			isa = PBXGroup;
			children = (
				846FA340213FBA68001B2654 /* WXWTabBarControllerUITests.m */,
				846FA342213FBA68001B2654 /* Info.plist */,
			);
			path = WXWTabBarControllerUITests;
			sourceTree = "<group>";
		};
		846FA34E213FBB0A001B2654 /* Classes */ = {
			isa = PBXGroup;
			children = (
				84BED0542150CDCF0091C673 /* Resourece */,
				846FA34F213FBB0A001B2654 /* Module */,
				846FA35C213FBB0A001B2654 /* View */,
			);
			path = Classes;
			sourceTree = "<group>";
		};
		846FA34F213FBB0A001B2654 /* Module */ = {
			isa = PBXGroup;
			children = (
				846FA356213FBB0A001B2654 /* FirstViewController */,
				846FA359213FBB0A001B2654 /* SecondViewController */,
				846FA353213FBB0A001B2654 /* ThirdViewController */,
				846FA350213FBB0A001B2654 /* FourthViewController */,
			);
			path = Module;
			sourceTree = "<group>";
		};
		846FA350213FBB0A001B2654 /* FourthViewController */ = {
			isa = PBXGroup;
			children = (
				846FA351213FBB0A001B2654 /* WXWFourthViewController.h */,
				846FA352213FBB0A001B2654 /* WXWFourthViewController.m */,
			);
			path = FourthViewController;
			sourceTree = "<group>";
		};
		846FA353213FBB0A001B2654 /* ThirdViewController */ = {
			isa = PBXGroup;
			children = (
				846FA354213FBB0A001B2654 /* WXWThirdViewController.h */,
				846FA355213FBB0A001B2654 /* WXWThirdViewController.m */,
			);
			path = ThirdViewController;
			sourceTree = "<group>";
		};
		846FA356213FBB0A001B2654 /* FirstViewController */ = {
			isa = PBXGroup;
			children = (
				846FA357213FBB0A001B2654 /* WXWFirstViewController.h */,
				846FA358213FBB0A001B2654 /* WXWFirstViewController.m */,
			);
			path = FirstViewController;
			sourceTree = "<group>";
		};
		846FA359213FBB0A001B2654 /* SecondViewController */ = {
			isa = PBXGroup;
			children = (
				846FA35A213FBB0A001B2654 /* WXWSecondViewController.h */,
				846FA35B213FBB0A001B2654 /* WXWSecondViewController.m */,
			);
			path = SecondViewController;
			sourceTree = "<group>";
		};
		846FA35C213FBB0A001B2654 /* View */ = {
			isa = PBXGroup;
			children = (
				846FA35E213FBB0A001B2654 /* WXWMidddleSubClass.h */,
				846FA35D213FBB0A001B2654 /* WXWMidddleSubClass.m */,
			);
			path = View;
			sourceTree = "<group>";
		};
		846FA364213FBB16001B2654 /* WXWTabBarController */ = {
			isa = PBXGroup;
			children = (
				846FA365213FBB16001B2654 /* WXWTabBarController.h */,
				846FA36D213FBB16001B2654 /* WXWTabBarController.m */,
				846FA36F213FBB16001B2654 /* WXWTabBar.h */,
				846FA36B213FBB16001B2654 /* WXWTabBar.m */,
				846FA37E213FC8FA001B2654 /* WXWPlusButton.h */,
				846FA37F213FC8FA001B2654 /* WXWPlusButton.m */,
				846FA366213FBB16001B2654 /* UIViewController+WXWTabBarControllerExtention.h */,
				846FA36E213FBB16001B2654 /* UIViewController+WXWTabBarControllerExtention.m */,
				846FA372213FBB16001B2654 /* UIView+WXWTabBarControllerExtention.h */,
				846FA368213FBB16001B2654 /* UIView+WXWTabBarControllerExtention.m */,
				846FA371213FBB16001B2654 /* UITabBarItem+WXWTabBarControllerExtention.h */,
				846FA369213FBB16001B2654 /* UITabBarItem+WXWTabBarControllerExtention.m */,
				846FA367213FBB16001B2654 /* UIControl+WXWTabBarControllerExtention.h */,
				846FA373213FBB16001B2654 /* UIControl+WXWTabBarControllerExtention.m */,
				846FA36C213FBB16001B2654 /* WXWConstants.h */,
			);
			path = WXWTabBarController;
			sourceTree = "<group>";
		};
		84BED0542150CDCF0091C673 /* Resourece */ = {
			isa = PBXGroup;
			children = (
				84BED0552150CDCF0091C673 /* WXWTabBar.gif */,
			);
			path = Resourece;
			sourceTree = "<group>";
		};
/* End PBXGroup section */

/* Begin PBXNativeTarget section */
		846FA318213FBA65001B2654 /* WXWTabBarController */ = {
			isa = PBXNativeTarget;
			buildConfigurationList = 846FA345213FBA68001B2654 /* Build configuration list for PBXNativeTarget "WXWTabBarController" */;
			buildPhases = (
				846FA315213FBA65001B2654 /* Sources */,
				846FA316213FBA65001B2654 /* Frameworks */,
				846FA317213FBA65001B2654 /* Resources */,
			);
			buildRules = (
			);
			dependencies = (
			);
			name = WXWTabBarController;
			productName = WXWTabBarController;
			productReference = 846FA319213FBA65001B2654 /* WXWTabBarController.app */;
			productType = "com.apple.product-type.application";
		};
		846FA330213FBA68001B2654 /* WXWTabBarControllerTests */ = {
			isa = PBXNativeTarget;
			buildConfigurationList = 846FA348213FBA68001B2654 /* Build configuration list for PBXNativeTarget "WXWTabBarControllerTests" */;
			buildPhases = (
				846FA32D213FBA68001B2654 /* Sources */,
				846FA32E213FBA68001B2654 /* Frameworks */,
				846FA32F213FBA68001B2654 /* Resources */,
			);
			buildRules = (
			);
			dependencies = (
				846FA333213FBA68001B2654 /* PBXTargetDependency */,
			);
			name = WXWTabBarControllerTests;
			productName = WXWTabBarControllerTests;
			productReference = 846FA331213FBA68001B2654 /* WXWTabBarControllerTests.xctest */;
			productType = "com.apple.product-type.bundle.unit-test";
		};
		846FA33B213FBA68001B2654 /* WXWTabBarControllerUITests */ = {
			isa = PBXNativeTarget;
			buildConfigurationList = 846FA34B213FBA68001B2654 /* Build configuration list for PBXNativeTarget "WXWTabBarControllerUITests" */;
			buildPhases = (
				846FA338213FBA68001B2654 /* Sources */,
				846FA339213FBA68001B2654 /* Frameworks */,
				846FA33A213FBA68001B2654 /* Resources */,
			);
			buildRules = (
			);
			dependencies = (
				846FA33E213FBA68001B2654 /* PBXTargetDependency */,
			);
			name = WXWTabBarControllerUITests;
			productName = WXWTabBarControllerUITests;
			productReference = 846FA33C213FBA68001B2654 /* WXWTabBarControllerUITests.xctest */;
			productType = "com.apple.product-type.bundle.ui-testing";
		};
/* End PBXNativeTarget section */

/* Begin PBXProject section */
		846FA311213FBA65001B2654 /* Project object */ = {
			isa = PBXProject;
			attributes = {
				LastUpgradeCheck = 0940;
				ORGANIZATIONNAME = xuewen.wang;
				TargetAttributes = {
					846FA318213FBA65001B2654 = {
						CreatedOnToolsVersion = 9.4.1;
					};
					846FA330213FBA68001B2654 = {
						CreatedOnToolsVersion = 9.4.1;
						TestTargetID = 846FA318213FBA65001B2654;
					};
					846FA33B213FBA68001B2654 = {
						CreatedOnToolsVersion = 9.4.1;
						TestTargetID = 846FA318213FBA65001B2654;
					};
				};
			};
			buildConfigurationList = 846FA314213FBA65001B2654 /* Build configuration list for PBXProject "WXWTabBarController" */;
			compatibilityVersion = "Xcode 9.3";
			developmentRegion = en;
			hasScannedForEncodings = 0;
			knownRegions = (
				en,
				Base,
			);
			mainGroup = 846FA310213FBA65001B2654;
			productRefGroup = 846FA31A213FBA65001B2654 /* Products */;
			projectDirPath = "";
			projectRoot = "";
			targets = (
				846FA318213FBA65001B2654 /* WXWTabBarController */,
				846FA330213FBA68001B2654 /* WXWTabBarControllerTests */,
				846FA33B213FBA68001B2654 /* WXWTabBarControllerUITests */,
			);
		};
/* End PBXProject section */

/* Begin PBXResourcesBuildPhase section */
		846FA317213FBA65001B2654 /* Resources */ = {
			isa = PBXResourcesBuildPhase;
			buildActionMask = 2147483647;
			files = (
				846FA329213FBA68001B2654 /* LaunchScreen.storyboard in Resources */,
				846FA326213FBA68001B2654 /* Assets.xcassets in Resources */,
				846FA324213FBA65001B2654 /* Main.storyboard in Resources */,
				84BED0562150CDCF0091C673 /* WXWTabBar.gif in Resources */,
			);
			runOnlyForDeploymentPostprocessing = 0;
		};
		846FA32F213FBA68001B2654 /* Resources */ = {
			isa = PBXResourcesBuildPhase;
			buildActionMask = 2147483647;
			files = (
			);
			runOnlyForDeploymentPostprocessing = 0;
		};
		846FA33A213FBA68001B2654 /* Resources */ = {
			isa = PBXResourcesBuildPhase;
			buildActionMask = 2147483647;
			files = (
			);
			runOnlyForDeploymentPostprocessing = 0;
		};
/* End PBXResourcesBuildPhase section */

/* Begin PBXSourcesBuildPhase section */
		846FA315213FBA65001B2654 /* Sources */ = {
			isa = PBXSourcesBuildPhase;
			buildActionMask = 2147483647;
			files = (
				846FA363213FBB0A001B2654 /* WXWMidddleSubClass.m in Sources */,
				846FA321213FBA65001B2654 /* ViewController.m in Sources */,
				846FA37D213FBB23001B2654 /* WXWTabBarControllerConfig.m in Sources */,
				846FA376213FBB16001B2654 /* WXWTabBar.m in Sources */,
				846FA37A213FBB16001B2654 /* UIControl+WXWTabBarControllerExtention.m in Sources */,
				846FA35F213FBB0A001B2654 /* WXWFourthViewController.m in Sources */,
				846FA360213FBB0A001B2654 /* WXWThirdViewController.m in Sources */,
				846FA374213FBB16001B2654 /* UIView+WXWTabBarControllerExtention.m in Sources */,
				846FA32C213FBA68001B2654 /* main.m in Sources */,
				846FA375213FBB16001B2654 /* UITabBarItem+WXWTabBarControllerExtention.m in Sources */,
				846FA362213FBB0A001B2654 /* WXWSecondViewController.m in Sources */,
				846FA361213FBB0A001B2654 /* WXWFirstViewController.m in Sources */,
				846FA377213FBB16001B2654 /* WXWTabBarController.m in Sources */,
				846FA380213FC8FA001B2654 /* WXWPlusButton.m in Sources */,
				846FA31E213FBA65001B2654 /* AppDelegate.m in Sources */,
				846FA378213FBB16001B2654 /* UIViewController+WXWTabBarControllerExtention.m in Sources */,
			);
			runOnlyForDeploymentPostprocessing = 0;
		};
		846FA32D213FBA68001B2654 /* Sources */ = {
			isa = PBXSourcesBuildPhase;
			buildActionMask = 2147483647;
			files = (
				846FA336213FBA68001B2654 /* WXWTabBarControllerTests.m in Sources */,
			);
			runOnlyForDeploymentPostprocessing = 0;
		};
		846FA338213FBA68001B2654 /* Sources */ = {
			isa = PBXSourcesBuildPhase;
			buildActionMask = 2147483647;
			files = (
				846FA341213FBA68001B2654 /* WXWTabBarControllerUITests.m in Sources */,
			);
			runOnlyForDeploymentPostprocessing = 0;
		};
/* End PBXSourcesBuildPhase section */

/* Begin PBXTargetDependency section */
		846FA333213FBA68001B2654 /* PBXTargetDependency */ = {
			isa = PBXTargetDependency;
			target = 846FA318213FBA65001B2654 /* WXWTabBarController */;
			targetProxy = 846FA332213FBA68001B2654 /* PBXContainerItemProxy */;
		};
		846FA33E213FBA68001B2654 /* PBXTargetDependency */ = {
			isa = PBXTargetDependency;
			target = 846FA318213FBA65001B2654 /* WXWTabBarController */;
			targetProxy = 846FA33D213FBA68001B2654 /* PBXContainerItemProxy */;
		};
/* End PBXTargetDependency section */

/* Begin PBXVariantGroup section */
		846FA322213FBA65001B2654 /* Main.storyboard */ = {
			isa = PBXVariantGroup;
			children = (
				846FA323213FBA65001B2654 /* Base */,
			);
			name = Main.storyboard;
			sourceTree = "<group>";
		};
		846FA327213FBA68001B2654 /* LaunchScreen.storyboard */ = {
			isa = PBXVariantGroup;
			children = (
				846FA328213FBA68001B2654 /* Base */,
			);
			name = LaunchScreen.storyboard;
			sourceTree = "<group>";
		};
/* End PBXVariantGroup section */

/* Begin XCBuildConfiguration section */
		846FA343213FBA68001B2654 /* Debug */ = {
			isa = XCBuildConfiguration;
			buildSettings = {
				ALWAYS_SEARCH_USER_PATHS = NO;
				CLANG_ANALYZER_NONNULL = YES;
				CLANG_ANALYZER_NUMBER_OBJECT_CONVERSION = YES_AGGRESSIVE;
				CLANG_CXX_LANGUAGE_STANDARD = "gnu++14";
				CLANG_CXX_LIBRARY = "libc++";
				CLANG_ENABLE_MODULES = YES;
				CLANG_ENABLE_OBJC_ARC = YES;
				CLANG_ENABLE_OBJC_WEAK = YES;
				CLANG_WARN_BLOCK_CAPTURE_AUTORELEASING = YES;
				CLANG_WARN_BOOL_CONVERSION = YES;
				CLANG_WARN_COMMA = YES;
				CLANG_WARN_CONSTANT_CONVERSION = YES;
				CLANG_WARN_DEPRECATED_OBJC_IMPLEMENTATIONS = YES;
				CLANG_WARN_DIRECT_OBJC_ISA_USAGE = YES_ERROR;
				CLANG_WARN_DOCUMENTATION_COMMENTS = YES;
				CLANG_WARN_EMPTY_BODY = YES;
				CLANG_WARN_ENUM_CONVERSION = YES;
				CLANG_WARN_INFINITE_RECURSION = YES;
				CLANG_WARN_INT_CONVERSION = YES;
				CLANG_WARN_NON_LITERAL_NULL_CONVERSION = YES;
				CLANG_WARN_OBJC_IMPLICIT_RETAIN_SELF = YES;
				CLANG_WARN_OBJC_LITERAL_CONVERSION = YES;
				CLANG_WARN_OBJC_ROOT_CLASS = YES_ERROR;
				CLANG_WARN_RANGE_LOOP_ANALYSIS = YES;
				CLANG_WARN_STRICT_PROTOTYPES = YES;
				CLANG_WARN_SUSPICIOUS_MOVE = YES;
				CLANG_WARN_UNGUARDED_AVAILABILITY = YES_AGGRESSIVE;
				CLANG_WARN_UNREACHABLE_CODE = YES;
				CLANG_WARN__DUPLICATE_METHOD_MATCH = YES;
				CODE_SIGN_IDENTITY = "iPhone Developer";
				COPY_PHASE_STRIP = NO;
				DEBUG_INFORMATION_FORMAT = dwarf;
				ENABLE_STRICT_OBJC_MSGSEND = YES;
				ENABLE_TESTABILITY = YES;
				GCC_C_LANGUAGE_STANDARD = gnu11;
				GCC_DYNAMIC_NO_PIC = NO;
				GCC_NO_COMMON_BLOCKS = YES;
				GCC_OPTIMIZATION_LEVEL = 0;
				GCC_PREPROCESSOR_DEFINITIONS = (
					"DEBUG=1",
					"$(inherited)",
				);
				GCC_WARN_64_TO_32_BIT_CONVERSION = YES;
				GCC_WARN_ABOUT_RETURN_TYPE = YES_ERROR;
				GCC_WARN_UNDECLARED_SELECTOR = YES;
				GCC_WARN_UNINITIALIZED_AUTOS = YES_AGGRESSIVE;
				GCC_WARN_UNUSED_FUNCTION = YES;
				GCC_WARN_UNUSED_VARIABLE = YES;
				IPHONEOS_DEPLOYMENT_TARGET = 11.4;
				MTL_ENABLE_DEBUG_INFO = YES;
				ONLY_ACTIVE_ARCH = YES;
				SDKROOT = iphoneos;
			};
			name = Debug;
		};
		846FA344213FBA68001B2654 /* Release */ = {
			isa = XCBuildConfiguration;
			buildSettings = {
				ALWAYS_SEARCH_USER_PATHS = NO;
				CLANG_ANALYZER_NONNULL = YES;
				CLANG_ANALYZER_NUMBER_OBJECT_CONVERSION = YES_AGGRESSIVE;
				CLANG_CXX_LANGUAGE_STANDARD = "gnu++14";
				CLANG_CXX_LIBRARY = "libc++";
				CLANG_ENABLE_MODULES = YES;
				CLANG_ENABLE_OBJC_ARC = YES;
				CLANG_ENABLE_OBJC_WEAK = YES;
				CLANG_WARN_BLOCK_CAPTURE_AUTORELEASING = YES;
				CLANG_WARN_BOOL_CONVERSION = YES;
				CLANG_WARN_COMMA = YES;
				CLANG_WARN_CONSTANT_CONVERSION = YES;
				CLANG_WARN_DEPRECATED_OBJC_IMPLEMENTATIONS = YES;
				CLANG_WARN_DIRECT_OBJC_ISA_USAGE = YES_ERROR;
				CLANG_WARN_DOCUMENTATION_COMMENTS = YES;
				CLANG_WARN_EMPTY_BODY = YES;
				CLANG_WARN_ENUM_CONVERSION = YES;
				CLANG_WARN_INFINITE_RECURSION = YES;
				CLANG_WARN_INT_CONVERSION = YES;
				CLANG_WARN_NON_LITERAL_NULL_CONVERSION = YES;
				CLANG_WARN_OBJC_IMPLICIT_RETAIN_SELF = YES;
				CLANG_WARN_OBJC_LITERAL_CONVERSION = YES;
				CLANG_WARN_OBJC_ROOT_CLASS = YES_ERROR;
				CLANG_WARN_RANGE_LOOP_ANALYSIS = YES;
				CLANG_WARN_STRICT_PROTOTYPES = YES;
				CLANG_WARN_SUSPICIOUS_MOVE = YES;
				CLANG_WARN_UNGUARDED_AVAILABILITY = YES_AGGRESSIVE;
				CLANG_WARN_UNREACHABLE_CODE = YES;
				CLANG_WARN__DUPLICATE_METHOD_MATCH = YES;
				CODE_SIGN_IDENTITY = "iPhone Developer";
				COPY_PHASE_STRIP = NO;
				DEBUG_INFORMATION_FORMAT = "dwarf-with-dsym";
				ENABLE_NS_ASSERTIONS = NO;
				ENABLE_STRICT_OBJC_MSGSEND = YES;
				GCC_C_LANGUAGE_STANDARD = gnu11;
				GCC_NO_COMMON_BLOCKS = YES;
				GCC_WARN_64_TO_32_BIT_CONVERSION = YES;
				GCC_WARN_ABOUT_RETURN_TYPE = YES_ERROR;
				GCC_WARN_UNDECLARED_SELECTOR = YES;
				GCC_WARN_UNINITIALIZED_AUTOS = YES_AGGRESSIVE;
				GCC_WARN_UNUSED_FUNCTION = YES;
				GCC_WARN_UNUSED_VARIABLE = YES;
				IPHONEOS_DEPLOYMENT_TARGET = 11.4;
				MTL_ENABLE_DEBUG_INFO = NO;
				SDKROOT = iphoneos;
				VALIDATE_PRODUCT = YES;
			};
			name = Release;
		};
		846FA346213FBA68001B2654 /* Debug */ = {
			isa = XCBuildConfiguration;
			buildSettings = {
				ASSETCATALOG_COMPILER_APPICON_NAME = AppIcon;
				CODE_SIGN_STYLE = Automatic;
				DEVELOPMENT_TEAM = K5SRAMP7C3;
				INFOPLIST_FILE = WXWTabBarController/Info.plist;
				IPHONEOS_DEPLOYMENT_TARGET = 9.0;
				LD_RUNPATH_SEARCH_PATHS = (
					"$(inherited)",
					"@executable_path/Frameworks",
				);
				PRODUCT_BUNDLE_IDENTIFIER = com.sky.WXWTabBarController.WXWTabBarController;
				PRODUCT_NAME = "$(TARGET_NAME)";
				TARGETED_DEVICE_FAMILY = "1,2";
			};
			name = Debug;
		};
		846FA347213FBA68001B2654 /* Release */ = {
			isa = XCBuildConfiguration;
			buildSettings = {
				ASSETCATALOG_COMPILER_APPICON_NAME = AppIcon;
				CODE_SIGN_STYLE = Automatic;
				DEVELOPMENT_TEAM = K5SRAMP7C3;
				INFOPLIST_FILE = WXWTabBarController/Info.plist;
				IPHONEOS_DEPLOYMENT_TARGET = 9.0;
				LD_RUNPATH_SEARCH_PATHS = (
					"$(inherited)",
					"@executable_path/Frameworks",
				);
				PRODUCT_BUNDLE_IDENTIFIER = com.sky.WXWTabBarController.WXWTabBarController;
				PRODUCT_NAME = "$(TARGET_NAME)";
				TARGETED_DEVICE_FAMILY = "1,2";
			};
			name = Release;
		};
		846FA349213FBA68001B2654 /* Debug */ = {
			isa = XCBuildConfiguration;
			buildSettings = {
				BUNDLE_LOADER = "$(TEST_HOST)";
				CODE_SIGN_STYLE = Automatic;
				DEVELOPMENT_TEAM = Q7AEAPEXBN;
				INFOPLIST_FILE = WXWTabBarControllerTests/Info.plist;
				LD_RUNPATH_SEARCH_PATHS = (
					"$(inherited)",
					"@executable_path/Frameworks",
					"@loader_path/Frameworks",
				);
				PRODUCT_BUNDLE_IDENTIFIER = com.sky.WXWTabBarController.WXWTabBarControllerTests;
				PRODUCT_NAME = "$(TARGET_NAME)";
				TARGETED_DEVICE_FAMILY = "1,2";
				TEST_HOST = "$(BUILT_PRODUCTS_DIR)/WXWTabBarController.app/WXWTabBarController";
			};
			name = Debug;
		};
		846FA34A213FBA68001B2654 /* Release */ = {
			isa = XCBuildConfiguration;
			buildSettings = {
				BUNDLE_LOADER = "$(TEST_HOST)";
				CODE_SIGN_STYLE = Automatic;
				DEVELOPMENT_TEAM = Q7AEAPEXBN;
				INFOPLIST_FILE = WXWTabBarControllerTests/Info.plist;
				LD_RUNPATH_SEARCH_PATHS = (
					"$(inherited)",
					"@executable_path/Frameworks",
					"@loader_path/Frameworks",
				);
				PRODUCT_BUNDLE_IDENTIFIER = com.sky.WXWTabBarController.WXWTabBarControllerTests;
				PRODUCT_NAME = "$(TARGET_NAME)";
				TARGETED_DEVICE_FAMILY = "1,2";
				TEST_HOST = "$(BUILT_PRODUCTS_DIR)/WXWTabBarController.app/WXWTabBarController";
			};
			name = Release;
		};
		846FA34C213FBA68001B2654 /* Debug */ = {
			isa = XCBuildConfiguration;
			buildSettings = {
				CODE_SIGN_STYLE = Automatic;
				DEVELOPMENT_TEAM = Q7AEAPEXBN;
				INFOPLIST_FILE = WXWTabBarControllerUITests/Info.plist;
				LD_RUNPATH_SEARCH_PATHS = (
					"$(inherited)",
					"@executable_path/Frameworks",
					"@loader_path/Frameworks",
				);
				PRODUCT_BUNDLE_IDENTIFIER = com.sky.WXWTabBarController.WXWTabBarControllerUITests;
				PRODUCT_NAME = "$(TARGET_NAME)";
				TARGETED_DEVICE_FAMILY = "1,2";
				TEST_TARGET_NAME = WXWTabBarController;
			};
			name = Debug;
		};
		846FA34D213FBA68001B2654 /* Release */ = {
			isa = XCBuildConfiguration;
			buildSettings = {
				CODE_SIGN_STYLE = Automatic;
				DEVELOPMENT_TEAM = Q7AEAPEXBN;
				INFOPLIST_FILE = WXWTabBarControllerUITests/Info.plist;
				LD_RUNPATH_SEARCH_PATHS = (
					"$(inherited)",
					"@executable_path/Frameworks",
					"@loader_path/Frameworks",
				);
				PRODUCT_BUNDLE_IDENTIFIER = com.sky.WXWTabBarController.WXWTabBarControllerUITests;
				PRODUCT_NAME = "$(TARGET_NAME)";
				TARGETED_DEVICE_FAMILY = "1,2";
				TEST_TARGET_NAME = WXWTabBarController;
			};
			name = Release;
		};
/* End XCBuildConfiguration section */

/* Begin XCConfigurationList section */
		846FA314213FBA65001B2654 /* Build configuration list for PBXProject "WXWTabBarController" */ = {
			isa = XCConfigurationList;
			buildConfigurations = (
				846FA343213FBA68001B2654 /* Debug */,
				846FA344213FBA68001B2654 /* Release */,
			);
			defaultConfigurationIsVisible = 0;
			defaultConfigurationName = Release;
		};
		846FA345213FBA68001B2654 /* Build configuration list for PBXNativeTarget "WXWTabBarController" */ = {
			isa = XCConfigurationList;
			buildConfigurations = (
				846FA346213FBA68001B2654 /* Debug */,
				846FA347213FBA68001B2654 /* Release */,
			);
			defaultConfigurationIsVisible = 0;
			defaultConfigurationName = Release;
		};
		846FA348213FBA68001B2654 /* Build configuration list for PBXNativeTarget "WXWTabBarControllerTests" */ = {
			isa = XCConfigurationList;
			buildConfigurations = (
				846FA349213FBA68001B2654 /* Debug */,
				846FA34A213FBA68001B2654 /* Release */,
			);
			defaultConfigurationIsVisible = 0;
			defaultConfigurationName = Release;
		};
		846FA34B213FBA68001B2654 /* Build configuration list for PBXNativeTarget "WXWTabBarControllerUITests" */ = {
			isa = XCConfigurationList;
			buildConfigurations = (
				846FA34C213FBA68001B2654 /* Debug */,
				846FA34D213FBA68001B2654 /* Release */,
			);
			defaultConfigurationIsVisible = 0;
			defaultConfigurationName = Release;
		};
/* End XCConfigurationList section */
	};
	rootObject = 846FA311213FBA65001B2654 /* Project object */;
}
